// !$*UTF8*$!
{
	archiveVersion = 1;
	classes = {
	};
	objectVersion = 56;
	objects = {

/* Begin PBXBuildFile section */
		6043679F2B9ECADB00682945 /* backjoon1018.swift in Sources */ = {isa = PBXBuildFile; fileRef = 6043679E2B9ECAD800682945 /* backjoon1018.swift */; };
		605F60342B9990C700160C90 /* backjoon2609.swift in Sources */ = {isa = PBXBuildFile; fileRef = 605F60332B9990C700160C90 /* backjoon2609.swift */; };
		605F60362B99AC2500160C90 /* backjoon11050.swift in Sources */ = {isa = PBXBuildFile; fileRef = 605F60352B99AC1D00160C90 /* backjoon11050.swift */; };
		605F60382B99B98800160C90 /* backjoon4153.swift in Sources */ = {isa = PBXBuildFile; fileRef = 605F60372B99B98200160C90 /* backjoon4153.swift */; };
		60620D1E2B956134004013E4 /* main.swift in Sources */ = {isa = PBXBuildFile; fileRef = 60620D1D2B956134004013E4 /* main.swift */; };
		6083F0622B998553000AA998 /* backjoon1032.swift in Sources */ = {isa = PBXBuildFile; fileRef = 60CEC66B2B9825DC00FEC50A /* backjoon1032.swift */; };
		6083F0652B99859B000AA998 /* backjoon1181.swift in Sources */ = {isa = PBXBuildFile; fileRef = 6083F0632B998586000AA998 /* backjoon1181.swift */; };
		6083F0672B99898A000AA998 /* backjoon1978.swift in Sources */ = {isa = PBXBuildFile; fileRef = 6083F0662B99898A000AA998 /* backjoon1978.swift */; };
		6083F0692B998BF7000AA998 /* backjoon2751.swift in Sources */ = {isa = PBXBuildFile; fileRef = 6083F0682B998BF7000AA998 /* backjoon2751.swift */; };
/* End PBXBuildFile section */

/* Begin PBXCopyFilesBuildPhase section */
		60620D182B956134004013E4 /* CopyFiles */ = {
			isa = PBXCopyFilesBuildPhase;
			buildActionMask = 2147483647;
			dstPath = /usr/share/man/man1/;
			dstSubfolderSpec = 0;
			files = (
			);
			runOnlyForDeploymentPostprocessing = 1;
		};
/* End PBXCopyFilesBuildPhase section */

/* Begin PBXFileReference section */
		6043679E2B9ECAD800682945 /* backjoon1018.swift */ = {isa = PBXFileReference; lastKnownFileType = sourcecode.swift; path = backjoon1018.swift; sourceTree = "<group>"; };
		605F60332B9990C700160C90 /* backjoon2609.swift */ = {isa = PBXFileReference; lastKnownFileType = sourcecode.swift; path = backjoon2609.swift; sourceTree = "<group>"; };
		605F60352B99AC1D00160C90 /* backjoon11050.swift */ = {isa = PBXFileReference; lastKnownFileType = sourcecode.swift; path = backjoon11050.swift; sourceTree = "<group>"; };
		605F60372B99B98200160C90 /* backjoon4153.swift */ = {isa = PBXFileReference; lastKnownFileType = sourcecode.swift; path = backjoon4153.swift; sourceTree = "<group>"; };
		60620D1A2B956134004013E4 /* AlgorithmPrac */ = {isa = PBXFileReference; explicitFileType = "compiled.mach-o.executable"; includeInIndex = 0; path = AlgorithmPrac; sourceTree = BUILT_PRODUCTS_DIR; };
		60620D1D2B956134004013E4 /* main.swift */ = {isa = PBXFileReference; lastKnownFileType = sourcecode.swift; path = main.swift; sourceTree = "<group>"; };
		6083F0632B998586000AA998 /* backjoon1181.swift */ = {isa = PBXFileReference; lastKnownFileType = sourcecode.swift; path = backjoon1181.swift; sourceTree = "<group>"; };
		6083F0662B99898A000AA998 /* backjoon1978.swift */ = {isa = PBXFileReference; lastKnownFileType = sourcecode.swift; path = backjoon1978.swift; sourceTree = "<group>"; };
		6083F0682B998BF7000AA998 /* backjoon2751.swift */ = {isa = PBXFileReference; lastKnownFileType = sourcecode.swift; path = backjoon2751.swift; sourceTree = "<group>"; };
		60CEC66B2B9825DC00FEC50A /* backjoon1032.swift */ = {isa = PBXFileReference; lastKnownFileType = sourcecode.swift; path = backjoon1032.swift; sourceTree = "<group>"; };
/* End PBXFileReference section */

/* Begin PBXFrameworksBuildPhase section */
		60620D172B956134004013E4 /* Frameworks */ = {
			isa = PBXFrameworksBuildPhase;
			buildActionMask = 2147483647;
			files = (
			);
			runOnlyForDeploymentPostprocessing = 0;
		};
/* End PBXFrameworksBuildPhase section */

/* Begin PBXGroup section */
		604367A02B9ECB2700682945 /* BronzeSilver */ = {
			isa = PBXGroup;
			children = (
				6043679E2B9ECAD800682945 /* backjoon1018.swift */,
				605F60372B99B98200160C90 /* backjoon4153.swift */,
				605F60352B99AC1D00160C90 /* backjoon11050.swift */,
				6083F0662B99898A000AA998 /* backjoon1978.swift */,
				6083F0632B998586000AA998 /* backjoon1181.swift */,
				60CEC66B2B9825DC00FEC50A /* backjoon1032.swift */,
				6083F0682B998BF7000AA998 /* backjoon2751.swift */,
				605F60332B9990C700160C90 /* backjoon2609.swift */,
			);
			path = BronzeSilver;
			sourceTree = "<group>";
		};
		60620D112B956134004013E4 = {
			isa = PBXGroup;
			children = (
				604367A02B9ECB2700682945 /* BronzeSilver */,
				60620D1C2B956134004013E4 /* AlgorithmPrac */,
				60620D1B2B956134004013E4 /* Products */,
			);
			sourceTree = "<group>";
		};
		60620D1B2B956134004013E4 /* Products */ = {
			isa = PBXGroup;
			children = (
				60620D1A2B956134004013E4 /* AlgorithmPrac */,
			);
			name = Products;
			sourceTree = "<group>";
		};
		60620D1C2B956134004013E4 /* AlgorithmPrac */ = {
			isa = PBXGroup;
			children = (
				60620D1D2B956134004013E4 /* main.swift */,
			);
			path = AlgorithmPrac;
			sourceTree = "<group>";
		};
/* End PBXGroup section */

/* Begin PBXNativeTarget section */
		60620D192B956134004013E4 /* AlgorithmPrac */ = {
			isa = PBXNativeTarget;
			buildConfigurationList = 60620D212B956134004013E4 /* Build configuration list for PBXNativeTarget "AlgorithmPrac" */;
			buildPhases = (
				60620D162B956134004013E4 /* Sources */,
				60620D172B956134004013E4 /* Frameworks */,
				60620D182B956134004013E4 /* CopyFiles */,
			);
			buildRules = (
			);
			dependencies = (
			);
			name = AlgorithmPrac;
			productName = AlgorithmPrac;
			productReference = 60620D1A2B956134004013E4 /* AlgorithmPrac */;
			productType = "com.apple.product-type.tool";
		};
/* End PBXNativeTarget section */

/* Begin PBXProject section */
		60620D122B956134004013E4 /* Project object */ = {
			isa = PBXProject;
			attributes = {
				BuildIndependentTargetsInParallel = 1;
				LastSwiftUpdateCheck = 1510;
				LastUpgradeCheck = 1510;
				TargetAttributes = {
					60620D192B956134004013E4 = {
						CreatedOnToolsVersion = 15.1;
					};
				};
			};
			buildConfigurationList = 60620D152B956134004013E4 /* Build configuration list for PBXProject "AlgorithmPrac" */;
			compatibilityVersion = "Xcode 14.0";
			developmentRegion = en;
			hasScannedForEncodings = 0;
			knownRegions = (
				en,
				Base,
			);
			mainGroup = 60620D112B956134004013E4;
			productRefGroup = 60620D1B2B956134004013E4 /* Products */;
			projectDirPath = "";
			projectRoot = "";
			targets = (
				60620D192B956134004013E4 /* AlgorithmPrac */,
			);
		};
/* End PBXProject section */

/* Begin PBXSourcesBuildPhase section */
		60620D162B956134004013E4 /* Sources */ = {
			isa = PBXSourcesBuildPhase;
			buildActionMask = 2147483647;
			files = (
				6083F0672B99898A000AA998 /* backjoon1978.swift in Sources */,
				605F60382B99B98800160C90 /* backjoon4153.swift in Sources */,
				6083F0652B99859B000AA998 /* backjoon1181.swift in Sources */,
				6043679F2B9ECADB00682945 /* backjoon1018.swift in Sources */,
				6083F0692B998BF7000AA998 /* backjoon2751.swift in Sources */,
				605F60342B9990C700160C90 /* backjoon2609.swift in Sources */,
				6083F0622B998553000AA998 /* backjoon1032.swift in Sources */,
				605F60362B99AC2500160C90 /* backjoon11050.swift in Sources */,
				60620D1E2B956134004013E4 /* main.swift in Sources */,
			);
			runOnlyForDeploymentPostprocessing = 0;
		};
/* End PBXSourcesBuildPhase section */

/* Begin XCBuildConfiguration section */
		60620D1F2B956134004013E4 /* Debug */ = {
			isa = XCBuildConfiguration;
			buildSettings = {
				ALWAYS_SEARCH_USER_PATHS = NO;
				ASSETCATALOG_COMPILER_GENERATE_SWIFT_ASSET_SYMBOL_EXTENSIONS = YES;
				CLANG_ANALYZER_NONNULL = YES;
				CLANG_ANALYZER_NUMBER_OBJECT_CONVERSION = YES_AGGRESSIVE;
				CLANG_CXX_LANGUAGE_STANDARD = "gnu++20";
				CLANG_ENABLE_MODULES = YES;
				CLANG_ENABLE_OBJC_ARC = YES;
				CLANG_ENABLE_OBJC_WEAK = YES;
				CLANG_WARN_BLOCK_CAPTURE_AUTORELEASING = YES;
				CLANG_WARN_BOOL_CONVERSION = YES;
				CLANG_WARN_COMMA = YES;
				CLANG_WARN_CONSTANT_CONVERSION = YES;
				CLANG_WARN_DEPRECATED_OBJC_IMPLEMENTATIONS = YES;
				CLANG_WARN_DIRECT_OBJC_ISA_USAGE = YES_ERROR;
				CLANG_WARN_DOCUMENTATION_COMMENTS = YES;
				CLANG_WARN_EMPTY_BODY = YES;
				CLANG_WARN_ENUM_CONVERSION = YES;
				CLANG_WARN_INFINITE_RECURSION = YES;
				CLANG_WARN_INT_CONVERSION = YES;
				CLANG_WARN_NON_LITERAL_NULL_CONVERSION = YES;
				CLANG_WARN_OBJC_IMPLICIT_RETAIN_SELF = YES;
				CLANG_WARN_OBJC_LITERAL_CONVERSION = YES;
				CLANG_WARN_OBJC_ROOT_CLASS = YES_ERROR;
				CLANG_WARN_QUOTED_INCLUDE_IN_FRAMEWORK_HEADER = YES;
				CLANG_WARN_RANGE_LOOP_ANALYSIS = YES;
				CLANG_WARN_STRICT_PROTOTYPES = YES;
				CLANG_WARN_SUSPICIOUS_MOVE = YES;
				CLANG_WARN_UNGUARDED_AVAILABILITY = YES_AGGRESSIVE;
				CLANG_WARN_UNREACHABLE_CODE = YES;
				CLANG_WARN__DUPLICATE_METHOD_MATCH = YES;
				COPY_PHASE_STRIP = NO;
				DEBUG_INFORMATION_FORMAT = dwarf;
				ENABLE_STRICT_OBJC_MSGSEND = YES;
				ENABLE_TESTABILITY = YES;
				ENABLE_USER_SCRIPT_SANDBOXING = YES;
				GCC_C_LANGUAGE_STANDARD = gnu17;
				GCC_DYNAMIC_NO_PIC = NO;
				GCC_NO_COMMON_BLOCKS = YES;
				GCC_OPTIMIZATION_LEVEL = 0;
				GCC_PREPROCESSOR_DEFINITIONS = (
					"DEBUG=1",
					"$(inherited)",
				);
				GCC_WARN_64_TO_32_BIT_CONVERSION = YES;
				GCC_WARN_ABOUT_RETURN_TYPE = YES_ERROR;
				GCC_WARN_UNDECLARED_SELECTOR = YES;
				GCC_WARN_UNINITIALIZED_AUTOS = YES_AGGRESSIVE;
				GCC_WARN_UNUSED_FUNCTION = YES;
				GCC_WARN_UNUSED_VARIABLE = YES;
				LOCALIZATION_PREFERS_STRING_CATALOGS = YES;
				MACOSX_DEPLOYMENT_TARGET = 14.2;
				MTL_ENABLE_DEBUG_INFO = INCLUDE_SOURCE;
				MTL_FAST_MATH = YES;
				ONLY_ACTIVE_ARCH = YES;
				SDKROOT = macosx;
				SWIFT_ACTIVE_COMPILATION_CONDITIONS = "DEBUG $(inherited)";
				SWIFT_OPTIMIZATION_LEVEL = "-Onone";
			};
			name = Debug;
		};
		60620D202B956134004013E4 /* Release */ = {
			isa = XCBuildConfiguration;
			buildSettings = {
				ALWAYS_SEARCH_USER_PATHS = NO;
				ASSETCATALOG_COMPILER_GENERATE_SWIFT_ASSET_SYMBOL_EXTENSIONS = YES;
				CLANG_ANALYZER_NONNULL = YES;
				CLANG_ANALYZER_NUMBER_OBJECT_CONVERSION = YES_AGGRESSIVE;
				CLANG_CXX_LANGUAGE_STANDARD = "gnu++20";
				CLANG_ENABLE_MODULES = YES;
				CLANG_ENABLE_OBJC_ARC = YES;
				CLANG_ENABLE_OBJC_WEAK = YES;
				CLANG_WARN_BLOCK_CAPTURE_AUTORELEASING = YES;
				CLANG_WARN_BOOL_CONVERSION = YES;
				CLANG_WARN_COMMA = YES;
				CLANG_WARN_CONSTANT_CONVERSION = YES;
				CLANG_WARN_DEPRECATED_OBJC_IMPLEMENTATIONS = YES;
				CLANG_WARN_DIRECT_OBJC_ISA_USAGE = YES_ERROR;
				CLANG_WARN_DOCUMENTATION_COMMENTS = YES;
				CLANG_WARN_EMPTY_BODY = YES;
				CLANG_WARN_ENUM_CONVERSION = YES;
				CLANG_WARN_INFINITE_RECURSION = YES;
				CLANG_WARN_INT_CONVERSION = YES;
				CLANG_WARN_NON_LITERAL_NULL_CONVERSION = YES;
				CLANG_WARN_OBJC_IMPLICIT_RETAIN_SELF = YES;
				CLANG_WARN_OBJC_LITERAL_CONVERSION = YES;
				CLANG_WARN_OBJC_ROOT_CLASS = YES_ERROR;
				CLANG_WARN_QUOTED_INCLUDE_IN_FRAMEWORK_HEADER = YES;
				CLANG_WARN_RANGE_LOOP_ANALYSIS = YES;
				CLANG_WARN_STRICT_PROTOTYPES = YES;
				CLANG_WARN_SUSPICIOUS_MOVE = YES;
				CLANG_WARN_UNGUARDED_AVAILABILITY = YES_AGGRESSIVE;
				CLANG_WARN_UNREACHABLE_CODE = YES;
				CLANG_WARN__DUPLICATE_METHOD_MATCH = YES;
				COPY_PHASE_STRIP = NO;
				DEBUG_INFORMATION_FORMAT = "dwarf-with-dsym";
				ENABLE_NS_ASSERTIONS = NO;
				ENABLE_STRICT_OBJC_MSGSEND = YES;
				ENABLE_USER_SCRIPT_SANDBOXING = YES;
				GCC_C_LANGUAGE_STANDARD = gnu17;
				GCC_NO_COMMON_BLOCKS = YES;
				GCC_WARN_64_TO_32_BIT_CONVERSION = YES;
				GCC_WARN_ABOUT_RETURN_TYPE = YES_ERROR;
				GCC_WARN_UNDECLARED_SELECTOR = YES;
				GCC_WARN_UNINITIALIZED_AUTOS = YES_AGGRESSIVE;
				GCC_WARN_UNUSED_FUNCTION = YES;
				GCC_WARN_UNUSED_VARIABLE = YES;
				LOCALIZATION_PREFERS_STRING_CATALOGS = YES;
				MACOSX_DEPLOYMENT_TARGET = 14.2;
				MTL_ENABLE_DEBUG_INFO = NO;
				MTL_FAST_MATH = YES;
				SDKROOT = macosx;
				SWIFT_COMPILATION_MODE = wholemodule;
			};
			name = Release;
		};
		60620D222B956134004013E4 /* Debug */ = {
			isa = XCBuildConfiguration;
			buildSettings = {
				CODE_SIGN_STYLE = Automatic;
				DEVELOPMENT_TEAM = S68RW89WQA;
				ENABLE_HARDENED_RUNTIME = YES;
				PRODUCT_NAME = "$(TARGET_NAME)";
				SWIFT_VERSION = 5.0;
			};
			name = Debug;
		};
		60620D232B956134004013E4 /* Release */ = {
			isa = XCBuildConfiguration;
			buildSettings = {
				CODE_SIGN_STYLE = Automatic;
				DEVELOPMENT_TEAM = S68RW89WQA;
				ENABLE_HARDENED_RUNTIME = YES;
				PRODUCT_NAME = "$(TARGET_NAME)";
				SWIFT_VERSION = 5.0;
			};
			name = Release;
		};
/* End XCBuildConfiguration section */

/* Begin XCConfigurationList section */
		60620D152B956134004013E4 /* Build configuration list for PBXProject "AlgorithmPrac" */ = {
			isa = XCConfigurationList;
			buildConfigurations = (
				60620D1F2B956134004013E4 /* Debug */,
				60620D202B956134004013E4 /* Release */,
			);
			defaultConfigurationIsVisible = 0;
			defaultConfigurationName = Release;
		};
		60620D212B956134004013E4 /* Build configuration list for PBXNativeTarget "AlgorithmPrac" */ = {
			isa = XCConfigurationList;
			buildConfigurations = (
				60620D222B956134004013E4 /* Debug */,
				60620D232B956134004013E4 /* Release */,
			);
			defaultConfigurationIsVisible = 0;
			defaultConfigurationName = Release;
		};
/* End XCConfigurationList section */
	};
	rootObject = 60620D122B956134004013E4 /* Project object */;
}
